cloud.google.com/go v0.123.0 h1:2NAUJwPR47q+E35uaJeYoNhuNEM9kM8SjgRgdeOJUSE=
cloud.google.com/go v0.123.0/go.mod h1:xBoMV08QcqUGuPW65Qfm1o9Y4zKZBpGS+7bImXLTAZU=
dario.cat/mergo v1.0.2 h1:85+piFYR1tMbRrLcDwR18y4UKJ3aH1Tbzi24VRW1TK8=
dario.cat/mergo v1.0.2/go.mod h1:E/hbnu0NxMFBjpMIE34DRGLWqDy0g5FuKDhCb31ngxA=
filippo.io/edwards25519 v1.2.0 h1:crnVqOiS4jqYleHd9vaKZ+HKtHfllngJIiOpNpoJsjo=
filippo.io/edwards25519 v1.2.0/go.mod h1:xzAOLCNug/yB62zG1bQ8uziwrIqIuxhctzJT18Q77mc=
github.com/RoaringBitmap/roaring/v2 v2.14.5 h1:ckd0o545JqDPeVJDgeFoaM21eBixUnlWfYgjE5VnyWw=
github.com/RoaringBitmap/roaring/v2 v2.14.5/go.mod h1:eq4wdNXxtJIS/oikeCzdX1rBzek7ANzbth041hrU8Q4=
github.com/TwiN/go-color v1.4.1 h1:mqG0P/KBgHKVqmtL5ye7K0/Gr4l6hTksPgTgMk3mUzc=
github.com/TwiN/go-color v1.4.1/go.mod h1:WcPf/jtiW95WBIsEeY1Lc/b8aaWoiqQpu5cf8WFxu+s=
github.com/atombender/go-jsonschema v0.23.1 h1:hpj94ehS+gpVvd1NJSTE0BMtWIpab06ObCz57rwo37c=
github.com/atombender/go-jsonschema v0.23.1/go.mod h1:4SrgNrwGKijxhewvpPQ8HKEbin5Q2N4Tk+pFKW77HEk=
github.com/bits-and-blooms/bitset v1.24.2 h1:M7/NzVbsytmtfHbumG+K2bremQPMJuqv1JD3vOaFxp0=
github.com/bits-and-blooms/bitset v1.24.2/go.mod h1:7hO7Gc7Pp1vODcmWvKMRA9BNmbv6a/7QIWpPxHddWR8=
github.com/blevesearch/bleve/v2 v2.6.0 h1:Cyd3dd4q5tCbOV8MnKUVRUDYMHOir9xn12NZzXVSEd4=
github.com/blevesearch/bleve/v2 v2.6.0/go.mod h1:gLmI8lWgHgrIYf7UpUX7JISI1CaqC6VScu46mHThuAY=
github.com/blevesearch/bleve_index_api v1.3.11 h1:x29vbV8OjWfLcrDVd7Lr1q+BkLNS0JWNEig0MCVnKH4=
github.com/blevesearch/bleve_index_api v1.3.11/go.mod h1:xvd48t5XMeeioWQ5/jZvgLrV98flT2rdvEJ3l/ki4Ko=
github.com/blevesearch/geo v0.2.5 h1:yJg9FX1oRwLnjXSXF+ECHfXFTF4diF02Ca/qUGVjJhE=
github.com/blevesearch/geo v0.2.5/go.mod h1:Jhq7WE2K6mJTx1xS44M2pUO6Io+wjCSHh1+co3YOgH4=
github.com/blevesearch/go-faiss v1.1.0 h1:xM7Jc0ZUCv5lssG9Ohj3Jv0SdTpxcUABU1dDt9XVsc4=
github.com/blevesearch/go-faiss v1.1.0/go.mod h1:OMGQwOaRRYxrmeNdMrXJPvVx8gBnvE5RYrr0BahNnkk=
github.com/blevesearch/go-porterstemmer v1.0.3 h1:GtmsqID0aZdCSNiY8SkuPJ12pD4jI+DdXTAn4YRcHCo=
github.com/blevesearch/go-porterstemmer v1.0.3/go.mod h1:angGc5Ht+k2xhJdZi511LtmxuEf0OVpvUUNrwmM1P7M=
github.com/blevesearch/gtreap v0.1.1 h1:2JWigFrzDMR+42WGIN/V2p0cUvn4UP3C4Q5nmaZGW8Y=
github.com/blevesearch/gtreap v0.1.1/go.mod h1:QaQyDRAT51sotthUWAH4Sj08awFSSWzgYICSZ3w0tYk=
github.com/blevesearch/mmap-go v1.2.0 h1:l33nNKPFcBjJUMwem6sAYJPUzhUCABoK9FxZDGiFNBI=
github.com/blevesearch/mmap-go v1.2.0/go.mod h1:Vd6+20GBhEdwJnU1Xohgt88XCD/CTWcqbCNxkZpyBo0=
github.com/blevesearch/scorch_segment_api/v2 v2.4.7 h1:GlMzW08hcsM3DnLUxhyF/1PcDal1qtvvIuytuph5djw=
github.com/blevesearch/scorch_segment_api/v2 v2.4.7/go.mod h1://IJ7tG3QCf0cWW/aVSXqy77tc1AvLu3fcJLYEvOAFs=
github.com/blevesearch/segment v0.9.1 h1:+dThDy+Lvgj5JMxhmOVlgFfkUtZV2kw49xax4+jTfSU=
github.com/blevesearch/segment v0.9.1/go.mod h1:zN21iLm7+GnBHWTao9I+Au/7MBiL8pPFtJBJTsk6kQw=
github.com/blevesearch/snowballstem v0.9.0 h1:lMQ189YspGP6sXvZQ4WZ+MLawfV8wOmPoD/iWeNXm8s=
github.com/blevesearch/snowballstem v0.9.0/go.mod h1:PivSj3JMc8WuaFkTSRDW2SlrulNWPl4ABg1tC/hlgLs=
github.com/blevesearch/upsidedown_store_api v1.0.2 h1:U53Q6YoWEARVLd1OYNc9kvhBMGZzVrdmaozG2MfoB+A=
github.com/blevesearch/upsidedown_store_api v1.0.2/go.mod h1:M01mh3Gpfy56Ps/UXHjEO/knbqyQ1Oamg8If49gRwrQ=
github.com/blevesearch/vellum v1.2.0 h1:xkDiOEsHc2t3Cp0NsNZZ36pvc130sCzcGKOPMzXe+e0=
github.com/blevesearch/vellum v1.2.0/go.mod h1:uEcfBJz7mAOf0Kvq6qoEKQQkLODBF46SINYNkZNae4k=
github.com/blevesearch/zapx/v11 v11.4.3 h1:PTZOO5loKpHC/x/GzmPZNa9cw7GZIQxd5qRjwij9tHY=
github.com/blevesearch/zapx/v11 v11.4.3/go.mod h1:4gdeyy9oGa/lLa6D34R9daXNUvfMPZqUYjPwiLmekwc=
github.com/blevesearch/zapx/v12 v12.4.3 h1:eElXvAaAX4m04t//CGBQAtHNPA+Q6A1hHZVrN3LSFYo=
github.com/blevesearch/zapx/v12 v12.4.3/go.mod h1:TdFmr7afSz1hFh/SIBCCZvcLfzYvievIH6aEISCte58=
github.com/blevesearch/zapx/v13 v13.4.3 h1:qsdhRhaSpVnqDFlRiH9vG5+KJ+dE7KAW9WyZz/KXAiE=
github.com/blevesearch/zapx/v13 v13.4.3/go.mod h1:knK8z2NdQHlb5ot/uj8wuvOq5PhDGjNYQQy0QDnopZk=
github.com/blevesearch/zapx/v14 v14.4.3 h1:GY4Hecx0C6UTmiNC2pKdeA2rOKiLR5/rwpU9WR51dgM=
github.com/blevesearch/zapx/v14 v14.4.3/go.mod h1:rz0XNb/OZSMjNorufDGSpFpjoFKhXmppH9Hi7a877D8=
github.com/blevesearch/zapx/v15 v15.4.3 h1:iJiMJOHrz216jyO6lS0m9RTCEkprUnzvqAI2lc/0/CU=
github.com/blevesearch/zapx/v15 v15.4.3/go.mod h1:1pssev/59FsuWcgSnTa0OeEpOzmhtmr/0/11H0Z8+Nw=
github.com/blevesearch/zapx/v16 v16.3.4 h1:hDAqA8qusZTNbPEL7//w5P65UZ2de6yhSeUaTbp0Po0=
github.com/blevesearch/zapx/v16 v16.3.4/go.mod h1:zqkPPqs9GS9FzVWzCO3Wf1X044yWAV17+4zb+FTiEHg=
github.com/blevesearch/zapx/v17 v17.1.2 h1:avbOk2igaASNoiy0BE/jPgcxAnRI2PGeydeP4hg7Ikk=
github.com/blevesearch/zapx/v17 v17.1.2/go.mod h1:WQObxKrqUX7cd0G1GMvDfc/bmZzQvoy7APOPimx7DiI=
github.com/bmatcuk/doublestar/v4 v4.10.0 h1:zU9WiOla1YA122oLM6i4EXvGW62DvKZVxIe6TYWexEs=
github.com/bmatcuk/doublestar/v4 v4.10.0/go.mod h1:xBQ8jztBU6kakFMg+8WGxn0c6z1fTSPVIjEY1Wr7jzc=
github.com/cpuguy83/go-md2man/v2 v2.0.6/go.mod h1:oOW0eioCTA6cOiMLiUPZOpcVxMig6NIQQ7OS05n1F4g=
github.com/creack/pty v1.1.9/go.mod h1:oKZEueFk5CKHvIhNR5MUki03XCEU+Q6VDXinZuGJ33E=
github.com/davecgh/go-spew v0.0.0-20161028175848-04cdfd42973b/go.mod h1:J7Y8YcW2NihsgmVo/mv3lAwl/skON4iLHjSsI+c5H38=
github.com/davecgh/go-spew v1.1.2-0.20180830191138-d8f796af33cc h1:U9qPSI2PIWSS1VwoXQT9A3Wy9MM3WgvqSxFWenqJduM=
github.com/davecgh/go-spew v1.1.2-0.20180830191138-d8f796af33cc/go.mod h1:J7Y8YcW2NihsgmVo/mv3lAwl/skON4iLHjSsI+c5H38=
github.com/dlclark/regexp2 v1.11.0 h1:G/nrcoOa7ZXlpoa/91N3X7mM3r8eIlMBBJZvsz/mxKI=
github.com/dlclark/regexp2 v1.11.0/go.mod h1:DHkYz0B9wPfa6wondMfaivmHpzrQ3v9q8cnmRbL6yW8=
github.com/getkin/kin-openapi v0.142.0 h1:izj0vBdFprMhitfzaX8sTqztsEQyvwhssBoB6n8NO7w=
github.com/getkin/kin-openapi v0.142.0/go.mod h1:3BH9M9XDe/y9M5DSvEocVYAYq1w0qrhJHjC/vZi0AaY=
github.com/go-openapi/jsonpointer v0.22.5 h1:8on/0Yp4uTb9f4XvTrM2+1CPrV05QPZXu+rvu2o9jcA=
github.com/go-openapi/jsonpointer v0.22.5/go.mod h1:gyUR3sCvGSWchA2sUBJGluYMbe1zazrYWIkWPjjMUY0=
github.com/go-openapi/swag/jsonname v0.25.5 h1:8p150i44rv/Drip4vWI3kGi9+4W9TdI3US3uUYSFhSo=
github.com/go-openapi/swag/jsonname v0.25.5/go.mod h1:jNqqikyiAK56uS7n8sLkdaNY/uq6+D2m2LANat09pKU=
github.com/go-openapi/testify/v2 v2.4.0 h1:8nsPrHVCWkQ4p8h1EsRVymA2XABB4OT40gcvAu+voFM=
github.com/go-openapi/testify/v2 v2.4.0/go.mod h1:HCPmvFFnheKK2BuwSA0TbbdxJ3I16pjwMkYkP4Ywn54=
github.com/go-sql-driver/mysql v1.10.0 h1:Q+1LV8DkHJvSYAdR83XzuhDaTykuDx0l6fkXxoWCWfw=
github.com/go-sql-driver/mysql v1.10.0/go.mod h1:M+cqaI7+xxXGG9swrdeUIoPG3Y3KCkF0pZej+SK+nWk=
github.com/goccy/go-yaml v1.19.2 h1:PmFC1S6h8ljIz6gMRBopkjP1TVT7xuwrButHID66PoM=
github.com/goccy/go-yaml v1.19.2/go.mod h1:XBurs7gK8ATbW4ZPGKgcbrY1Br56PdM69F7LkFRi1kA=
github.com/golang-jwt/jwt/v5 v5.2.2 h1:Rl4B7itRWVtYIHFrSNd7vhTiz9UpLdi6gZhZ3wEeDy8=
github.com/golang-jwt/jwt/v5 v5.2.2/go.mod h1:pqrtFR0X4osieyHYxtmOUWsAWrfe1Q5UVIyoH402zdk=
github.com/golang/snappy v1.0.0 h1:Oy607GVXHs7RtbggtPBnr2RmDArIsAefDwvrdWvRhGs=
github.com/golang/snappy v1.0.0/go.mod h1:/XxbfmMg8lxefKM7IXC3fBNl/7bRcc72aCRzEWrmP2Q=
github.com/google/go-cmp v0.7.0 h1:wk8382ETsv4JYUZwIsn6YpYiWiBsYLSJiTsyBybVuN8=
github.com/google/go-cmp v0.7.0/go.mod h1:pXiqmnSA92OHEEa9HXL2W4E7lf9JzCmGVUdgjX3N/iU=
github.com/google/gofuzz v1.2.0 h1:xRy4A+RhZaiKjJ1bPfwQ8sedCA+YS2YcCHW6ec7JMi0=
github.com/google/gofuzz v1.2.0/go.mod h1:dBl0BpW6vV/+mYPU4Po3pmUjxk6FQPldtuIdl/M65Eg=
github.com/google/jsonschema-go v0.3.0 h1:6AH2TxVNtk3IlvkkhjrtbUc4S8AvO0Xii0DxIygDg+Q=
github.com/google/jsonschema-go v0.3.0/go.mod h1:r5quNTdLOYEz95Ru18zA0ydNbBuYoo9tgaYcxEYhJVE=
github.com/google/uuid v1.6.0 h1:NIvaJDMOsjHA8n1jAhLSgzrAzy1Hgr+hNrb57e+94F0=
github.com/google/uuid v1.6.0/go.mod h1:TIyPZe4MgqvfeYDBFedMoGGpEw/LqOeaOT+nhxU+yHo=
github.com/inconshreveable/mousetrap v1.1.0 h1:wN+x4NVGpMsO7ErUn/mUI3vEoE6Jt13X2s0bqwp9tc8=
github.com/inconshreveable/mousetrap v1.1.0/go.mod h1:vpF70FUmC8bwa3OWnCshd2FqLfsEA9PFc4w1p2J65bw=
github.com/json-iterator/go v0.0.0-20171115153421-f7279a603ede h1:YrgBGwxMRK0Vq0WSCWFaZUnTsrA/PZE/xs1QZh+/edg=
github.com/json-iterator/go v0.0.0-20171115153421-f7279a603ede/go.mod h1:+SdeFBvtyEkXs7REEP0seUULqWtbJapLOCVDaaPEHmU=
github.com/kr/pretty v0.3.1 h1:flRD4NNwYAUpkphVc1HcthR4KEIFJ65n8Mw5qdRn3LE=
github.com/kr/pretty v0.3.1/go.mod h1:hoEshYVHaxMs3cyo3Yncou5ZscifuDolrwPKZanG3xk=
github.com/kr/text v0.2.0 h1:5Nx0Ya0ZqY2ygV366QzturHI13Jq95ApcVaJBhpS+AY=
github.com/kr/text v0.2.0/go.mod h1:eLer722TekiGuMkidMxC/pM04lWEeraHUUmBw8l2grE=
github.com/mitchellh/go-wordwrap v1.0.1 h1:TLuKupo69TCn6TQSyGxwI1EblZZEsQ0vMlAFQflz0v0=
github.com/mitchellh/go-wordwrap v1.0.1/go.mod h1:R62XHJLzvMFRBbcrT7m7WgmE1eOyTSsCt+hzestvNj0=
github.com/modelcontextprotocol/go-sdk v1.2.0 h1:Y23co09300CEk8iZ/tMxIX1dVmKZkzoSBZOpJwUnc/s=
github.com/modelcontextprotocol/go-sdk v1.2.0/go.mod h1:6fM3LCm3yV7pAs8isnKLn07oKtB0MP9LHd3DfAcKw10=
github.com/mschoch/smat v0.2.0 h1:8imxQsjDm8yFEAVBe7azKmKSgzSkZXDuKkSq9374khM=
github.com/mschoch/smat v0.2.0/go.mod h1:kc9mz7DoBKqDyiRL7VZN8KvXQMWeTaVnttLRXOlotKw=
github.com/oasdiff/oasdiff v1.23.0 h1:qU39i5T35pGXDG7t43mXS3PLoDqZapZlycAAhobwW6g=
github.com/oasdiff/oasdiff v1.23.0/go.mod h1:6klrmk8Hi6fVhzlT9SxXsiidQEDAYQ687NmEJxMfzU8=
github.com/oasdiff/yaml v0.1.1 h1:6nHx+pn9gBRM6YpBlFZFQGCCd1nuvqOBtTD3KKTgGxY=
github.com/oasdiff/yaml v0.1.1/go.mod h1:EYJNoyktvWMJ0Hmhx+6qTaqMOsalUaRGT8Sj1hNcegU=
github.com/oasdiff/yaml3 v0.0.14 h1:aLJee3hxBK2H5wdXd9iPcIXb93Nty1Ge0pT171eHtkw=
github.com/oasdiff/yaml3 v0.0.14/go.mod h1:csto2xfDjYccdUn/yw/bPjj/cYTdp6HtFA0J4TWG+gg=
github.com/pkg/diff v0.0.0-20210226163009-20ebb0f2a09e/go.mod h1:pJLUxLENpZxwdsKMEsNbx1VGcRFpLqf3715MtcvvzbA=
github.com/pmezard/go-difflib v0.0.0-20151028094244-d8ed2627bdf0/go.mod h1:iKH77koFhYxTK1pcRnkKkqfTogsbg7gZNVY4sRDYZ/4=
github.com/pmezard/go-difflib v1.0.1-0.20181226105442-5d4384ee4fb2 h1:Jamvg5psRIccs7FGNTlIRMkT8wgtp5eCXdBlqhYGL6U=
github.com/pmezard/go-difflib v1.0.1-0.20181226105442-5d4384ee4fb2/go.mod h1:iKH77koFhYxTK1pcRnkKkqfTogsbg7gZNVY4sRDYZ/4=
github.com/rogpeppe/go-internal v1.9.0 h1:73kH8U+JUqXU8lRuOHeVHaa/SZPifC7BkcraZVejAe8=
github.com/rogpeppe/go-internal v1.9.0/go.mod h1:WtVeX8xhTBvf0smdhujwtBcq4Qrzq/fJaraNFVN+nFs=
github.com/russross/blackfriday/v2 v2.1.0/go.mod h1:+Rmxgy9KzJVeS9/2gXHxylqXiyQDYRxCVz55jmeOWTM=
github.com/sanity-io/litter v1.5.8 h1:uM/2lKrWdGbRXDrIq08Lh9XtVYoeGtcQxk9rtQ7+rYg=
github.com/sanity-io/litter v1.5.8/go.mod h1:9gzJgR2i4ZpjZHsKvUXIRQVk7P+yM3e+jAF7bU2UI5U=
github.com/santhosh-tekuri/jsonschema/v6 v6.0.2 h1:KRzFb2m7YtdldCEkzs6KqmJw4nqEVZGK7IN2kJkjTuQ=
github.com/santhosh-tekuri/jsonschema/v6 v6.0.2/go.mod h1:JXeL+ps8p7/KNMjDQk3TCwPpBy0wYklyWTfbkIzdIFU=
github.com/sosodev/duration v1.4.0 h1:35ed0KiVFriGHHzZZJaZLgmTEEICIyt8Sx0RQfj9IjE=
github.com/sosodev/duration v1.4.0/go.mod h1:RQIBBX0+fMLc/D9+Jb/fwvVmo0eZvDDEERAikUR6SDg=
github.com/spf13/cobra v1.10.2 h1:DMTTonx5m65Ic0GOoRY2c16WCbHxOOw6xxezuLaBpcU=
github.com/spf13/cobra v1.10.2/go.mod h1:7C1pvHqHw5A4vrJfjNwvOdzYu0Gml16OCs2GRiTUUS4=
github.com/spf13/pflag v1.0.9/go.mod h1:McXfInJRrz4CZXVZOBLb0bTZqETkiAhM9Iw0y3An2Bg=
github.com/spf13/pflag v1.0.10 h1:4EBh2KAYBwaONj6b2Ye1GiHfwjqyROoF4RwYO+vPwFk=
github.com/spf13/pflag v1.0.10/go.mod h1:McXfInJRrz4CZXVZOBLb0bTZqETkiAhM9Iw0y3An2Bg=
github.com/stretchr/testify v0.0.0-20161117074351-18a02ba4a312/go.mod h1:a8OnRcib4nhh0OaRAV+Yts87kKdq0PP7pXfy6kDkUVs=
github.com/stretchr/testify v1.11.1 h1:7s2iGBzp5EwR7/aIZr8ao5+dra3wiQyKjjFuvgVKu7U=
github.com/stretchr/testify v1.11.1/go.mod h1:wZwfW3scLgRK+23gO65QZefKpKQRnfz6sD981Nm4B6U=
github.com/tidwall/gjson v1.14.2/go.mod h1:/wbyibRr2FHMks5tjHJ5F8dMZh3AcwJEMf5vlfC0lxk=
github.com/tidwall/gjson v1.18.0 h1:FIDeeyB800efLX89e5a8Y0BNH+LOngJyGrIWxG2FKQY=
github.com/tidwall/gjson v1.18.0/go.mod h1:/wbyibRr2FHMks5tjHJ5F8dMZh3AcwJEMf5vlfC0lxk=
github.com/tidwall/match v1.1.1/go.mod h1:eRSPERbgtNPcGhD8UCthc6PmLEQXEWd3PRB5JTxsfmM=
github.com/tidwall/match v1.2.0 h1:0pt8FlkOwjN2fPt4bIl4BoNxb98gGHN2ObFEDkrfZnM=
github.com/tidwall/match v1.2.0/go.mod h1:eRSPERbgtNPcGhD8UCthc6PmLEQXEWd3PRB5JTxsfmM=
github.com/tidwall/pretty v1.2.0/go.mod h1:ITEVvHYasfjBbM0u2Pg8T2nJnzm8xPwvNhhsoaGGjNU=
github.com/tidwall/pretty v1.2.1 h1:qjsOFOWWQl+N3RsoF5/ssm1pHmJJwhjlSbZ51I6wMl4=
github.com/tidwall/pretty v1.2.1/go.mod h1:ITEVvHYasfjBbM0u2Pg8T2nJnzm8xPwvNhhsoaGGjNU=
github.com/tidwall/sjson v1.2.5 h1:kLy8mja+1c9jlljvWTlSazM7cKDRfJuR/bOJhcY5NcY=
github.com/tidwall/sjson v1.2.5/go.mod h1:Fvgq9kS/6ociJEDnK0Fk1cpYF4FIW6ZF7LAe+6jwd28=
github.com/wI2L/jsondiff v0.7.1 h1:Fg9+yj+1/x3UtPBJhR91TKEzRkrEEWcAcLbg9dzEaNM=
github.com/wI2L/jsondiff v0.7.1/go.mod h1:yAt2W7U6Jd4HK0RA8DGSGk0zDtfEtOUUJVnH/xICpjo=
github.com/yargevad/filepathx v1.0.0 h1:SYcT+N3tYGi+NvazubCNlvgIPbzAk7i7y2dwg3I5FYc=
github.com/yargevad/filepathx v1.0.0/go.mod h1:BprfX/gpYNJHJfc35GjRRpVcwWXS89gGulUIU5tK3tA=
github.com/yosida95/uritemplate/v3 v3.0.2 h1:Ed3Oyj9yrmi9087+NczuL5BwkIc4wvTb5zIM+UJPGz4=
github.com/yosida95/uritemplate/v3 v3.0.2/go.mod h1:ILOh0sOhIJR3+L/8afwt/kE++YT040gmv5BQTMR2HP4=
go.etcd.io/bbolt v1.4.0 h1:TU77id3TnN/zKr7CO/uk+fBCwF2jGcMuw2B/FMAzYIk=
go.etcd.io/bbolt v1.4.0/go.mod h1:AsD+OCi/qPN1giOX1aiLAha3o1U8rAz65bvN4j0sRuk=
go.yaml.in/yaml/v3 v3.0.4 h1:tfq32ie2Jv2UxXFdLJdh3jXuOzWiL1fo0bu/FbuKpbc=
go.yaml.in/yaml/v3 v3.0.4/go.mod h1:DhzuOOF2ATzADvBadXxruRBLzYTpT36CKvDb3+aBEFg=
golang.org/x/oauth2 v0.30.0 h1:dnDm7JmhM45NNpd8FDDeLhK6FwqbOf4MLCM9zb1BOHI=
golang.org/x/oauth2 v0.30.0/go.mod h1:B++QgG3ZKulg6sRPGD/mqlHQs5rB3Ml9erfeDY7xKlU=
golang.org/x/sync v0.20.0 h1:e0PTpb7pjO8GAtTs2dQ6jYa5BWYlMuX047Dco/pItO4=
golang.org/x/sync v0.20.0/go.mod h1:9xrNwdLfx4jkKbNva9FpL6vEN7evnE43NNNJQ2LF3+0=
golang.org/x/sys v0.43.0 h1:Rlag2XtaFTxp19wS8MXlJwTvoh8ArU6ezoyFsMyCTNI=
golang.org/x/sys v0.43.0/go.mod h1:4GL1E5IUh+htKOUEOaiffhrAeqysfVGipDYzABqnCmw=
golang.org/x/text v0.36.0 h1:JfKh3XmcRPqZPKevfXVpI1wXPTqbkE5f7JA92a55Yxg=
golang.org/x/text v0.36.0/go.mod h1:NIdBknypM8iqVmPiuco0Dh6P5Jcdk8lJL0CUebqK164=
golang.org/x/tools v0.43.0 h1:12BdW9CeB3Z+J/I/wj34VMl8X+fEXBxVR90JeMX5E7s=
golang.org/x/tools v0.43.0/go.mod h1:uHkMso649BX2cZK6+RpuIPXS3ho2hZo4FVwfoy1vIk0=
google.golang.org/protobuf v1.36.7 h1:IgrO7UwFQGJdRNXH/sQux4R1Dj1WAKcLElzeeRaXV2A=
google.golang.org/protobuf v1.36.7/go.mod h1:jduwjTPXsFjZGTmRluh+L6NjiWu7pchiJ2/5YcXBHnY=
gopkg.in/check.v1 v0.0.0-20161208181325-20d25e280405/go.mod h1:Co6ibVJAznAaIkqp8huTwlJQCZ016jof/cbN4VW5Yz0=
gopkg.in/check.v1 v1.0.0-20201130134442-10cb98267c6c h1:Hei/4ADfdWqJk1ZMxUNpqntNwaWcugrBjAiHlqqRiVk=
gopkg.in/check.v1 v1.0.0-20201130134442-10cb98267c6c/go.mod h1:JHkPIbrfpd72SG/EVd6muEfDQjcINNoR0C8j2r3qZ4Q=
gopkg.in/yaml.v3 v3.0.1 h1:fxVm/GzAzEWqLHuvctI91KS9hhNmmWOoWu0XTYJS7CA=
gopkg.in/yaml.v3 v3.0.1/go.mod h1:K4uyk7z7BCEPqu6E+C64Yfv1cQ7kz7rIZviUmN+EgEM=
